# THIS IS AN AUTOGENERATED FILE. DO NOT EDIT THIS FILE DIRECTLY.
# yarn lockfile v1


animate.css@^4.1.1:
  version "4.1.1"
  resolved "https://registry.yarnpkg.com/animate.css/-/animate.css-4.1.1.tgz#614ec5a81131d7e4dc362a58143f7406abd68075"
  integrity sha512-+mRmCTv6SbCmtYJCN4faJMNFVNN5EuCTTprDTAo7YzIGji2KADmakjVA3+8mVDkZ2Bf09vayB35lSQIex2+QaQ==

anime.css@^1.0.1:
  version "1.0.1"
  resolved "https://registry.yarnpkg.com/anime.css/-/anime.css-1.0.1.tgz#4e4692669a2558465ea1a479287fd9602a7c6756"
  integrity sha512-HMmbinXfWNEy6GHCPnRjPCLq5z4HmP3lhs8lMOOdIzOHK0qiDrRXnSY73VdycUXpstwaEmEGVoDnfILKy30gsw==
